
Microsoft Visual Studio Solution File, Format Version 12.00
# Visual Studio Version 17
VisualStudioVersion = 17.11.35222.181
MinimumVisualStudioVersion = 10.0.40219.1
Project("{FAE04EC0-301F-11D3-BF4B-00C04F79EFBC}") = "Financial_Management_Server", "Financial_Management_Server\Financial_Management_Server.csproj", "{210F830D-B556-4C25-8D98-4BB6D24A37CA}"
EndProject
Global
	GlobalSection(SolutionConfigurationPlatforms) = preSolution
		Debug|Any CPU = Debug|Any CPU
		Release|Any CPU = Release|Any CPU
	EndGlobalSection
	GlobalSection(ProjectConfigurationPlatforms) = postSolution
		{210F830D-B556-4C25-8D98-4BB6D24A37CA}.Debug|Any CPU.ActiveCfg = Debug|Any CPU
		{210F830D-B556-4C25-8D98-4BB6D24A37CA}.Debug|Any CPU.Build.0 = Debug|Any CPU
		{210F830D-B556-4C25-8D98-4BB6D24A37CA}.Release|Any CPU.ActiveCfg = Release|Any CPU
		{210F830D-B556-4C25-8D98-4BB6D24A37CA}.Release|Any CPU.Build.0 = Release|Any CPU
	EndGlobalSection
	GlobalSection(SolutionProperties) = preSolution
		HideSolutionNode = FALSE
	EndGlobalSection
	GlobalSection(ExtensibilityGlobals) = postSolution
		SolutionGuid = {86246E15-9537-4FBC-A6A9-8672821F212C}
	EndGlobalSection
EndGlobal
